
Microsoft Visual Studio Solution File, Format Version 12.00
# Visual Studio Version 17
VisualStudioVersion = 17.11.35208.52
MinimumVisualStudioVersion = 10.0.40219.1
Project("{FAE04EC0-301F-11D3-BF4B-00C04F79EFBC}") = "SimpleCRUD", "SimpleCRUD\SimpleCRUD.csproj", "{FCD94A59-75D4-45E7-9053-69309F39BA70}"
EndProject
Global
	GlobalSection(SolutionConfigurationPlatforms) = preSolution
		Debug|Any CPU = Debug|Any CPU
		Release|Any CPU = Release|Any CPU
	EndGlobalSection
	GlobalSection(ProjectConfigurationPlatforms) = postSolution
		{FCD94A59-75D4-45E7-9053-69309F39BA70}.Debug|Any CPU.ActiveCfg = Debug|Any CPU
		{FCD94A59-75D4-45E7-9053-69309F39BA70}.Debug|Any CPU.Build.0 = Debug|Any CPU
		{FCD94A59-75D4-45E7-9053-69309F39BA70}.Release|Any CPU.ActiveCfg = Release|Any CPU
		{FCD94A59-75D4-45E7-9053-69309F39BA70}.Release|Any CPU.Build.0 = Release|Any CPU
	EndGlobalSection
	GlobalSection(SolutionProperties) = preSolution
		HideSolutionNode = FALSE
	EndGlobalSection
	GlobalSection(ExtensibilityGlobals) = postSolution
		SolutionGuid = {15410FD3-4F80-40FD-88D6-1C3D1C7BF58D}
	EndGlobalSection
EndGlobal
